// !$*UTF8*$!
{
	archiveVersion = 1;
	classes = {
	};
	objectVersion = 50;
	objects = {

/* Begin PBXBuildFile section */
		09D7794A250940B90009B19F /* Tests_iOS.swift in Sources */ = {isa = PBXBuildFile; fileRef = 09D77949250940B90009B19F /* Tests_iOS.swift */; };
		09D77955250940B90009B19F /* Tests_macOS.swift in Sources */ = {isa = PBXBuildFile; fileRef = 09D77954250940B90009B19F /* Tests_macOS.swift */; };
		09D77957250940B90009B19F /* SmartHomeAppApp.swift in Sources */ = {isa = PBXBuildFile; fileRef = 09D7792E250940B60009B19F /* SmartHomeAppApp.swift */; };
		09D77958250940B90009B19F /* SmartHomeAppApp.swift in Sources */ = {isa = PBXBuildFile; fileRef = 09D7792E250940B60009B19F /* SmartHomeAppApp.swift */; };
		09D77959250940B90009B19F /* ContentView.swift in Sources */ = {isa = PBXBuildFile; fileRef = 09D7792F250940B60009B19F /* ContentView.swift */; };
		09D7795A250940B90009B19F /* ContentView.swift in Sources */ = {isa = PBXBuildFile; fileRef = 09D7792F250940B60009B19F /* ContentView.swift */; };
		09D7795B250940B90009B19F /* Assets.xcassets in Resources */ = {isa = PBXBuildFile; fileRef = 09D77930250940B90009B19F /* Assets.xcassets */; };
		09D7795C250940B90009B19F /* Assets.xcassets in Resources */ = {isa = PBXBuildFile; fileRef = 09D77930250940B90009B19F /* Assets.xcassets */; };
		09D7796C250944F30009B19F /* Header.swift in Sources */ = {isa = PBXBuildFile; fileRef = 09D7796B250944F30009B19F /* Header.swift */; };
		09D7796D250944F30009B19F /* Header.swift in Sources */ = {isa = PBXBuildFile; fileRef = 09D7796B250944F30009B19F /* Header.swift */; };
		09D7796F2509469C0009B19F /* LivingRoomSection.swift in Sources */ = {isa = PBXBuildFile; fileRef = 09D7796E2509469C0009B19F /* LivingRoomSection.swift */; };
		09D779702509469C0009B19F /* LivingRoomSection.swift in Sources */ = {isa = PBXBuildFile; fileRef = 09D7796E2509469C0009B19F /* LivingRoomSection.swift */; };
		09D77972250948670009B19F /* LivingRoomCard.swift in Sources */ = {isa = PBXBuildFile; fileRef = 09D77971250948670009B19F /* LivingRoomCard.swift */; };
		09D77973250948670009B19F /* LivingRoomCard.swift in Sources */ = {isa = PBXBuildFile; fileRef = 09D77971250948670009B19F /* LivingRoomCard.swift */; };
/* End PBXBuildFile section */

/* Begin PBXContainerItemProxy section */
		09D77946250940B90009B19F /* PBXContainerItemProxy */ = {
			isa = PBXContainerItemProxy;
			containerPortal = 09D77929250940B60009B19F /* Project object */;
			proxyType = 1;
			remoteGlobalIDString = 09D77934250940B90009B19F;
			remoteInfo = "SmartHomeApp (iOS)";
		};
		09D77951250940B90009B19F /* PBXContainerItemProxy */ = {
			isa = PBXContainerItemProxy;
			containerPortal = 09D77929250940B60009B19F /* Project object */;
			proxyType = 1;
			remoteGlobalIDString = 09D7793C250940B90009B19F;
			remoteInfo = "SmartHomeApp (macOS)";
		};
/* End PBXContainerItemProxy section */

/* Begin PBXFileReference section */
		09D7792E250940B60009B19F /* SmartHomeAppApp.swift */ = {isa = PBXFileReference; lastKnownFileType = sourcecode.swift; path = SmartHomeAppApp.swift; sourceTree = "<group>"; };
		09D7792F250940B60009B19F /* ContentView.swift */ = {isa = PBXFileReference; lastKnownFileType = sourcecode.swift; path = ContentView.swift; sourceTree = "<group>"; };
		09D77930250940B90009B19F /* Assets.xcassets */ = {isa = PBXFileReference; lastKnownFileType = folder.assetcatalog; path = Assets.xcassets; sourceTree = "<group>"; };
		09D77935250940B90009B19F /* SmartHomeApp.app */ = {isa = PBXFileReference; explicitFileType = wrapper.application; includeInIndex = 0; path = SmartHomeApp.app; sourceTree = BUILT_PRODUCTS_DIR; };
		09D77938250940B90009B19F /* Info.plist */ = {isa = PBXFileReference; lastKnownFileType = text.plist.xml; path = Info.plist; sourceTree = "<group>"; };
		09D7793D250940B90009B19F /* SmartHomeApp.app */ = {isa = PBXFileReference; explicitFileType = wrapper.application; includeInIndex = 0; path = SmartHomeApp.app; sourceTree = BUILT_PRODUCTS_DIR; };
		09D7793F250940B90009B19F /* Info.plist */ = {isa = PBXFileReference; lastKnownFileType = text.plist.xml; path = Info.plist; sourceTree = "<group>"; };
		09D77940250940B90009B19F /* macOS.entitlements */ = {isa = PBXFileReference; lastKnownFileType = text.plist.entitlements; path = macOS.entitlements; sourceTree = "<group>"; };
		09D77945250940B90009B19F /* Tests iOS.xctest */ = {isa = PBXFileReference; explicitFileType = wrapper.cfbundle; includeInIndex = 0; path = "Tests iOS.xctest"; sourceTree = BUILT_PRODUCTS_DIR; };
		09D77949250940B90009B19F /* Tests_iOS.swift */ = {isa = PBXFileReference; lastKnownFileType = sourcecode.swift; path = Tests_iOS.swift; sourceTree = "<group>"; };
		09D7794B250940B90009B19F /* Info.plist */ = {isa = PBXFileReference; lastKnownFileType = text.plist.xml; path = Info.plist; sourceTree = "<group>"; };
		09D77950250940B90009B19F /* Tests macOS.xctest */ = {isa = PBXFileReference; explicitFileType = wrapper.cfbundle; includeInIndex = 0; path = "Tests macOS.xctest"; sourceTree = BUILT_PRODUCTS_DIR; };
		09D77954250940B90009B19F /* Tests_macOS.swift */ = {isa = PBXFileReference; lastKnownFileType = sourcecode.swift; path = Tests_macOS.swift; sourceTree = "<group>"; };
		09D77956250940B90009B19F /* Info.plist */ = {isa = PBXFileReference; lastKnownFileType = text.plist.xml; path = Info.plist; sourceTree = "<group>"; };
		09D7796B250944F30009B19F /* Header.swift */ = {isa = PBXFileReference; lastKnownFileType = sourcecode.swift; path = Header.swift; sourceTree = "<group>"; };
		09D7796E2509469C0009B19F /* LivingRoomSection.swift */ = {isa = PBXFileReference; lastKnownFileType = sourcecode.swift; path = LivingRoomSection.swift; sourceTree = "<group>"; };
		09D77971250948670009B19F /* LivingRoomCard.swift */ = {isa = PBXFileReference; lastKnownFileType = sourcecode.swift; path = LivingRoomCard.swift; sourceTree = "<group>"; };
/* End PBXFileReference section */

/* Begin PBXFrameworksBuildPhase section */
		09D77932250940B90009B19F /* Frameworks */ = {
			isa = PBXFrameworksBuildPhase;
			buildActionMask = 2147483647;
			files = (
			);
			runOnlyForDeploymentPostprocessing = 0;
		};
		09D7793A250940B90009B19F /* Frameworks */ = {
			isa = PBXFrameworksBuildPhase;
			buildActionMask = 2147483647;
			files = (
			);
			runOnlyForDeploymentPostprocessing = 0;
		};
		09D77942250940B90009B19F /* Frameworks */ = {
			isa = PBXFrameworksBuildPhase;
			buildActionMask = 2147483647;
			files = (
			);
			runOnlyForDeploymentPostprocessing = 0;
		};
		09D7794D250940B90009B19F /* Frameworks */ = {
			isa = PBXFrameworksBuildPhase;
			buildActionMask = 2147483647;
			files = (
			);
			runOnlyForDeploymentPostprocessing = 0;
		};
/* End PBXFrameworksBuildPhase section */

/* Begin PBXGroup section */
		09D77928250940B60009B19F = {
			isa = PBXGroup;
			children = (
				09D7792D250940B60009B19F /* Shared */,
				09D77937250940B90009B19F /* iOS */,
				09D7793E250940B90009B19F /* macOS */,
				09D77948250940B90009B19F /* Tests iOS */,
				09D77953250940B90009B19F /* Tests macOS */,
				09D77936250940B90009B19F /* Products */,
			);
			sourceTree = "<group>";
		};
		09D7792D250940B60009B19F /* Shared */ = {
			isa = PBXGroup;
			children = (
				09D7792E250940B60009B19F /* SmartHomeAppApp.swift */,
				09D7792F250940B60009B19F /* ContentView.swift */,
				09D77971250948670009B19F /* LivingRoomCard.swift */,
				09D7796E2509469C0009B19F /* LivingRoomSection.swift */,
				09D7796B250944F30009B19F /* Header.swift */,
				09D77930250940B90009B19F /* Assets.xcassets */,
			);
			path = Shared;
			sourceTree = "<group>";
		};
		09D77936250940B90009B19F /* Products */ = {
			isa = PBXGroup;
			children = (
				09D77935250940B90009B19F /* SmartHomeApp.app */,
				09D7793D250940B90009B19F /* SmartHomeApp.app */,
				09D77945250940B90009B19F /* Tests iOS.xctest */,
				09D77950250940B90009B19F /* Tests macOS.xctest */,
			);
			name = Products;
			sourceTree = "<group>";
		};
		09D77937250940B90009B19F /* iOS */ = {
			isa = PBXGroup;
			children = (
				09D77938250940B90009B19F /* Info.plist */,
			);
			path = iOS;
			sourceTree = "<group>";
		};
		09D7793E250940B90009B19F /* macOS */ = {
			isa = PBXGroup;
			children = (
				09D7793F250940B90009B19F /* Info.plist */,
				09D77940250940B90009B19F /* macOS.entitlements */,
			);
			path = macOS;
			sourceTree = "<group>";
		};
		09D77948250940B90009B19F /* Tests iOS */ = {
			isa = PBXGroup;
			children = (
				09D77949250940B90009B19F /* Tests_iOS.swift */,
				09D7794B250940B90009B19F /* Info.plist */,
			);
			path = "Tests iOS";
			sourceTree = "<group>";
		};
		09D77953250940B90009B19F /* Tests macOS */ = {
			isa = PBXGroup;
			children = (
				09D77954250940B90009B19F /* Tests_macOS.swift */,
				09D77956250940B90009B19F /* Info.plist */,
			);
			path = "Tests macOS";
			sourceTree = "<group>";
		};
/* End PBXGroup section */

/* Begin PBXNativeTarget section */
		09D77934250940B90009B19F /* SmartHomeApp (iOS) */ = {
			isa = PBXNativeTarget;
			buildConfigurationList = 09D7795F250940B90009B19F /* Build configuration list for PBXNativeTarget "SmartHomeApp (iOS)" */;
			buildPhases = (
				09D77931250940B90009B19F /* Sources */,
				09D77932250940B90009B19F /* Frameworks */,
				09D77933250940B90009B19F /* Resources */,
			);
			buildRules = (
			);
			dependencies = (
			);
			name = "SmartHomeApp (iOS)";
			productName = "SmartHomeApp (iOS)";
			productReference = 09D77935250940B90009B19F /* SmartHomeApp.app */;
			productType = "com.apple.product-type.application";
		};
		09D7793C250940B90009B19F /* SmartHomeApp (macOS) */ = {
			isa = PBXNativeTarget;
			buildConfigurationList = 09D77962250940B90009B19F /* Build configuration list for PBXNativeTarget "SmartHomeApp (macOS)" */;
			buildPhases = (
				09D77939250940B90009B19F /* Sources */,
				09D7793A250940B90009B19F /* Frameworks */,
				09D7793B250940B90009B19F /* Resources */,
			);
			buildRules = (
			);
			dependencies = (
			);
			name = "SmartHomeApp (macOS)";
			productName = "SmartHomeApp (macOS)";
			productReference = 09D7793D250940B90009B19F /* SmartHomeApp.app */;
			productType = "com.apple.product-type.application";
		};
		09D77944250940B90009B19F /* Tests iOS */ = {
			isa = PBXNativeTarget;
			buildConfigurationList = 09D77965250940B90009B19F /* Build configuration list for PBXNativeTarget "Tests iOS" */;
			buildPhases = (
				09D77941250940B90009B19F /* Sources */,
				09D77942250940B90009B19F /* Frameworks */,
				09D77943250940B90009B19F /* Resources */,
			);
			buildRules = (
			);
			dependencies = (
				09D77947250940B90009B19F /* PBXTargetDependency */,
			);
			name = "Tests iOS";
			productName = "Tests iOS";
			productReference = 09D77945250940B90009B19F /* Tests iOS.xctest */;
			productType = "com.apple.product-type.bundle.ui-testing";
		};
		09D7794F250940B90009B19F /* Tests macOS */ = {
			isa = PBXNativeTarget;
			buildConfigurationList = 09D77968250940B90009B19F /* Build configuration list for PBXNativeTarget "Tests macOS" */;
			buildPhases = (
				09D7794C250940B90009B19F /* Sources */,
				09D7794D250940B90009B19F /* Frameworks */,
				09D7794E250940B90009B19F /* Resources */,
			);
			buildRules = (
			);
			dependencies = (
				09D77952250940B90009B19F /* PBXTargetDependency */,
			);
			name = "Tests macOS";
			productName = "Tests macOS";
			productReference = 09D77950250940B90009B19F /* Tests macOS.xctest */;
			productType = "com.apple.product-type.bundle.ui-testing";
		};
/* End PBXNativeTarget section */

/* Begin PBXProject section */
		09D77929250940B60009B19F /* Project object */ = {
			isa = PBXProject;
			attributes = {
				LastSwiftUpdateCheck = 1200;
				LastUpgradeCheck = 1200;
				TargetAttributes = {
					09D77934250940B90009B19F = {
						CreatedOnToolsVersion = 12.0;
					};
					09D7793C250940B90009B19F = {
						CreatedOnToolsVersion = 12.0;
					};
					09D77944250940B90009B19F = {
						CreatedOnToolsVersion = 12.0;
						TestTargetID = 09D77934250940B90009B19F;
					};
					09D7794F250940B90009B19F = {
						CreatedOnToolsVersion = 12.0;
						TestTargetID = 09D7793C250940B90009B19F;
					};
				};
			};
			buildConfigurationList = 09D7792C250940B60009B19F /* Build configuration list for PBXProject "SmartHomeApp" */;
			compatibilityVersion = "Xcode 9.3";
			developmentRegion = en;
			hasScannedForEncodings = 0;
			knownRegions = (
				en,
				Base,
			);
			mainGroup = 09D77928250940B60009B19F;
			productRefGroup = 09D77936250940B90009B19F /* Products */;
			projectDirPath = "";
			projectRoot = "";
			targets = (
				09D77934250940B90009B19F /* SmartHomeApp (iOS) */,
				09D7793C250940B90009B19F /* SmartHomeApp (macOS) */,
				09D77944250940B90009B19F /* Tests iOS */,
				09D7794F250940B90009B19F /* Tests macOS */,
			);
		};
/* End PBXProject section */

/* Begin PBXResourcesBuildPhase section */
		09D77933250940B90009B19F /* Resources */ = {
			isa = PBXResourcesBuildPhase;
			buildActionMask = 2147483647;
			files = (
				09D7795B250940B90009B19F /* Assets.xcassets in Resources */,
			);
			runOnlyForDeploymentPostprocessing = 0;
		};
		09D7793B250940B90009B19F /* Resources */ = {
			isa = PBXResourcesBuildPhase;
			buildActionMask = 2147483647;
			files = (
				09D7795C250940B90009B19F /* Assets.xcassets in Resources */,
			);
			runOnlyForDeploymentPostprocessing = 0;
		};
		09D77943250940B90009B19F /* Resources */ = {
			isa = PBXResourcesBuildPhase;
			buildActionMask = 2147483647;
			files = (
			);
			runOnlyForDeploymentPostprocessing = 0;
		};
		09D7794E250940B90009B19F /* Resources */ = {
			isa = PBXResourcesBuildPhase;
			buildActionMask = 2147483647;
			files = (
			);
			runOnlyForDeploymentPostprocessing = 0;
		};
/* End PBXResourcesBuildPhase section */

/* Begin PBXSourcesBuildPhase section */
		09D77931250940B90009B19F /* Sources */ = {
			isa = PBXSourcesBuildPhase;
			buildActionMask = 2147483647;
			files = (
				09D77959250940B90009B19F /* ContentView.swift in Sources */,
				09D7796F2509469C0009B19F /* LivingRoomSection.swift in Sources */,
				09D77972250948670009B19F /* LivingRoomCard.swift in Sources */,
				09D7796C250944F30009B19F /* Header.swift in Sources */,
				09D77957250940B90009B19F /* SmartHomeAppApp.swift in Sources */,
			);
			runOnlyForDeploymentPostprocessing = 0;
		};
		09D77939250940B90009B19F /* Sources */ = {
			isa = PBXSourcesBuildPhase;
			buildActionMask = 2147483647;
			files = (
				09D7795A250940B90009B19F /* ContentView.swift in Sources */,
				09D779702509469C0009B19F /* LivingRoomSection.swift in Sources */,
				09D77973250948670009B19F /* LivingRoomCard.swift in Sources */,
				09D7796D250944F30009B19F /* Header.swift in Sources */,
				09D77958250940B90009B19F /* SmartHomeAppApp.swift in Sources */,
			);
			runOnlyForDeploymentPostprocessing = 0;
		};
		09D77941250940B90009B19F /* Sources */ = {
			isa = PBXSourcesBuildPhase;
			buildActionMask = 2147483647;
			files = (
				09D7794A250940B90009B19F /* Tests_iOS.swift in Sources */,
			);
			runOnlyForDeploymentPostprocessing = 0;
		};
		09D7794C250940B90009B19F /* Sources */ = {
			isa = PBXSourcesBuildPhase;
			buildActionMask = 2147483647;
			files = (
				09D77955250940B90009B19F /* Tests_macOS.swift in Sources */,
			);
			runOnlyForDeploymentPostprocessing = 0;
		};
/* End PBXSourcesBuildPhase section */

/* Begin PBXTargetDependency section */
		09D77947250940B90009B19F /* PBXTargetDependency */ = {
			isa = PBXTargetDependency;
			target = 09D77934250940B90009B19F /* SmartHomeApp (iOS) */;
			targetProxy = 09D77946250940B90009B19F /* PBXContainerItemProxy */;
		};
		09D77952250940B90009B19F /* PBXTargetDependency */ = {
			isa = PBXTargetDependency;
			target = 09D7793C250940B90009B19F /* SmartHomeApp (macOS) */;
			targetProxy = 09D77951250940B90009B19F /* PBXContainerItemProxy */;
		};
/* End PBXTargetDependency section */

/* Begin XCBuildConfiguration section */
		09D7795D250940B90009B19F /* Debug */ = {
			isa = XCBuildConfiguration;
			buildSettings = {
				ALWAYS_SEARCH_USER_PATHS = NO;
				CLANG_ANALYZER_NONNULL = YES;
				CLANG_ANALYZER_NUMBER_OBJECT_CONVERSION = YES_AGGRESSIVE;
				CLANG_CXX_LANGUAGE_STANDARD = "gnu++14";
				CLANG_CXX_LIBRARY = "libc++";
				CLANG_ENABLE_MODULES = YES;
				CLANG_ENABLE_OBJC_ARC = YES;
				CLANG_ENABLE_OBJC_WEAK = YES;
				CLANG_WARN_BLOCK_CAPTURE_AUTORELEASING = YES;
				CLANG_WARN_BOOL_CONVERSION = YES;
				CLANG_WARN_COMMA = YES;
				CLANG_WARN_CONSTANT_CONVERSION = YES;
				CLANG_WARN_DEPRECATED_OBJC_IMPLEMENTATIONS = YES;
				CLANG_WARN_DIRECT_OBJC_ISA_USAGE = YES_ERROR;
				CLANG_WARN_DOCUMENTATION_COMMENTS = YES;
				CLANG_WARN_EMPTY_BODY = YES;
				CLANG_WARN_ENUM_CONVERSION = YES;
				CLANG_WARN_INFINITE_RECURSION = YES;
				CLANG_WARN_INT_CONVERSION = YES;
				CLANG_WARN_NON_LITERAL_NULL_CONVERSION = YES;
				CLANG_WARN_OBJC_IMPLICIT_RETAIN_SELF = YES;
				CLANG_WARN_OBJC_LITERAL_CONVERSION = YES;
				CLANG_WARN_OBJC_ROOT_CLASS = YES_ERROR;
				CLANG_WARN_QUOTED_INCLUDE_IN_FRAMEWORK_HEADER = YES;
				CLANG_WARN_RANGE_LOOP_ANALYSIS = YES;
				CLANG_WARN_STRICT_PROTOTYPES = YES;
				CLANG_WARN_SUSPICIOUS_MOVE = YES;
				CLANG_WARN_UNGUARDED_AVAILABILITY = YES_AGGRESSIVE;
				CLANG_WARN_UNREACHABLE_CODE = YES;
				CLANG_WARN__DUPLICATE_METHOD_MATCH = YES;
				COPY_PHASE_STRIP = NO;
				DEBUG_INFORMATION_FORMAT = dwarf;
				ENABLE_STRICT_OBJC_MSGSEND = YES;
				ENABLE_TESTABILITY = YES;
				GCC_C_LANGUAGE_STANDARD = gnu11;
				GCC_DYNAMIC_NO_PIC = NO;
				GCC_NO_COMMON_BLOCKS = YES;
				GCC_OPTIMIZATION_LEVEL = 0;
				GCC_PREPROCESSOR_DEFINITIONS = (
					"DEBUG=1",
					"$(inherited)",
				);
				GCC_WARN_64_TO_32_BIT_CONVERSION = YES;
				GCC_WARN_ABOUT_RETURN_TYPE = YES_ERROR;
				GCC_WARN_UNDECLARED_SELECTOR = YES;
				GCC_WARN_UNINITIALIZED_AUTOS = YES_AGGRESSIVE;
				GCC_WARN_UNUSED_FUNCTION = YES;
				GCC_WARN_UNUSED_VARIABLE = YES;
				MTL_ENABLE_DEBUG_INFO = INCLUDE_SOURCE;
				MTL_FAST_MATH = YES;
				ONLY_ACTIVE_ARCH = YES;
				SWIFT_ACTIVE_COMPILATION_CONDITIONS = DEBUG;
				SWIFT_OPTIMIZATION_LEVEL = "-Onone";
			};
			name = Debug;
		};
		09D7795E250940B90009B19F /* Release */ = {
			isa = XCBuildConfiguration;
			buildSettings = {
				ALWAYS_SEARCH_USER_PATHS = NO;
				CLANG_ANALYZER_NONNULL = YES;
				CLANG_ANALYZER_NUMBER_OBJECT_CONVERSION = YES_AGGRESSIVE;
				CLANG_CXX_LANGUAGE_STANDARD = "gnu++14";
				CLANG_CXX_LIBRARY = "libc++";
				CLANG_ENABLE_MODULES = YES;
				CLANG_ENABLE_OBJC_ARC = YES;
				CLANG_ENABLE_OBJC_WEAK = YES;
				CLANG_WARN_BLOCK_CAPTURE_AUTORELEASING = YES;
				CLANG_WARN_BOOL_CONVERSION = YES;
				CLANG_WARN_COMMA = YES;
				CLANG_WARN_CONSTANT_CONVERSION = YES;
				CLANG_WARN_DEPRECATED_OBJC_IMPLEMENTATIONS = YES;
				CLANG_WARN_DIRECT_OBJC_ISA_USAGE = YES_ERROR;
				CLANG_WARN_DOCUMENTATION_COMMENTS = YES;
				CLANG_WARN_EMPTY_BODY = YES;
				CLANG_WARN_ENUM_CONVERSION = YES;
				CLANG_WARN_INFINITE_RECURSION = YES;
				CLANG_WARN_INT_CONVERSION = YES;
				CLANG_WARN_NON_LITERAL_NULL_CONVERSION = YES;
				CLANG_WARN_OBJC_IMPLICIT_RETAIN_SELF = YES;
				CLANG_WARN_OBJC_LITERAL_CONVERSION = YES;
				CLANG_WARN_OBJC_ROOT_CLASS = YES_ERROR;
				CLANG_WARN_QUOTED_INCLUDE_IN_FRAMEWORK_HEADER = YES;
				CLANG_WARN_RANGE_LOOP_ANALYSIS = YES;
				CLANG_WARN_STRICT_PROTOTYPES = YES;
				CLANG_WARN_SUSPICIOUS_MOVE = YES;
				CLANG_WARN_UNGUARDED_AVAILABILITY = YES_AGGRESSIVE;
				CLANG_WARN_UNREACHABLE_CODE = YES;
				CLANG_WARN__DUPLICATE_METHOD_MATCH = YES;
				COPY_PHASE_STRIP = NO;
				DEBUG_INFORMATION_FORMAT = "dwarf-with-dsym";
				ENABLE_NS_ASSERTIONS = NO;
				ENABLE_STRICT_OBJC_MSGSEND = YES;
				GCC_C_LANGUAGE_STANDARD = gnu11;
				GCC_NO_COMMON_BLOCKS = YES;
				GCC_WARN_64_TO_32_BIT_CONVERSION = YES;
				GCC_WARN_ABOUT_RETURN_TYPE = YES_ERROR;
				GCC_WARN_UNDECLARED_SELECTOR = YES;
				GCC_WARN_UNINITIALIZED_AUTOS = YES_AGGRESSIVE;
				GCC_WARN_UNUSED_FUNCTION = YES;
				GCC_WARN_UNUSED_VARIABLE = YES;
				MTL_ENABLE_DEBUG_INFO = NO;
				MTL_FAST_MATH = YES;
				SWIFT_COMPILATION_MODE = wholemodule;
				SWIFT_OPTIMIZATION_LEVEL = "-O";
			};
			name = Release;
		};
		09D77960250940B90009B19F /* Debug */ = {
			isa = XCBuildConfiguration;
			buildSettings = {
				ASSETCATALOG_COMPILER_APPICON_NAME = AppIcon;
				ASSETCATALOG_COMPILER_GLOBAL_ACCENT_COLOR_NAME = AccentColor;
				CODE_SIGN_STYLE = Automatic;
				DEVELOPMENT_TEAM = 4F95F96C4N;
				ENABLE_PREVIEWS = YES;
				INFOPLIST_FILE = iOS/Info.plist;
				IPHONEOS_DEPLOYMENT_TARGET = 14.0;
				LD_RUNPATH_SEARCH_PATHS = (
					"$(inherited)",
					"@executable_path/Frameworks",
				);
				PRODUCT_BUNDLE_IDENTIFIER = SauceDesigns.SmartHomeApp;
				PRODUCT_NAME = SmartHomeApp;
				SDKROOT = iphoneos;
				SWIFT_VERSION = 5.0;
				TARGETED_DEVICE_FAMILY = "1,2";
			};
			name = Debug;
		};
		09D77961250940B90009B19F /* Release */ = {
			isa = XCBuildConfiguration;
			buildSettings = {
				ASSETCATALOG_COMPILER_APPICON_NAME = AppIcon;
				ASSETCATALOG_COMPILER_GLOBAL_ACCENT_COLOR_NAME = AccentColor;
				CODE_SIGN_STYLE = Automatic;
				DEVELOPMENT_TEAM = 4F95F96C4N;
				ENABLE_PREVIEWS = YES;
				INFOPLIST_FILE = iOS/Info.plist;
				IPHONEOS_DEPLOYMENT_TARGET = 14.0;
				LD_RUNPATH_SEARCH_PATHS = (
					"$(inherited)",
					"@executable_path/Frameworks",
				);
				PRODUCT_BUNDLE_IDENTIFIER = SauceDesigns.SmartHomeApp;
				PRODUCT_NAME = SmartHomeApp;
				SDKROOT = iphoneos;
				SWIFT_VERSION = 5.0;
				TARGETED_DEVICE_FAMILY = "1,2";
				VALIDATE_PRODUCT = YES;
			};
			name = Release;
		};
		09D77963250940B90009B19F /* Debug */ = {
			isa = XCBuildConfiguration;
			buildSettings = {
				ASSETCATALOG_COMPILER_APPICON_NAME = AppIcon;
				ASSETCATALOG_COMPILER_GLOBAL_ACCENT_COLOR_NAME = AccentColor;
				CODE_SIGN_ENTITLEMENTS = macOS/macOS.entitlements;
				CODE_SIGN_STYLE = Automatic;
				COMBINE_HIDPI_IMAGES = YES;
				DEVELOPMENT_TEAM = 4F95F96C4N;
				ENABLE_HARDENED_RUNTIME = YES;
				ENABLE_PREVIEWS = YES;
				INFOPLIST_FILE = macOS/Info.plist;
				LD_RUNPATH_SEARCH_PATHS = (
					"$(inherited)",
					"@executable_path/../Frameworks",
				);
				MACOSX_DEPLOYMENT_TARGET = 11.0;
				PRODUCT_BUNDLE_IDENTIFIER = SauceDesigns.SmartHomeApp;
				PRODUCT_NAME = SmartHomeApp;
				SDKROOT = macosx;
				SWIFT_VERSION = 5.0;
			};
			name = Debug;
		};
		09D77964250940B90009B19F /* Release */ = {
			isa = XCBuildConfiguration;
			buildSettings = {
				ASSETCATALOG_COMPILER_APPICON_NAME = AppIcon;
				ASSETCATALOG_COMPILER_GLOBAL_ACCENT_COLOR_NAME = AccentColor;
				CODE_SIGN_ENTITLEMENTS = macOS/macOS.entitlements;
				CODE_SIGN_STYLE = Automatic;
				COMBINE_HIDPI_IMAGES = YES;
				DEVELOPMENT_TEAM = 4F95F96C4N;
				ENABLE_HARDENED_RUNTIME = YES;
				ENABLE_PREVIEWS = YES;
				INFOPLIST_FILE = macOS/Info.plist;
				LD_RUNPATH_SEARCH_PATHS = (
					"$(inherited)",
					"@executable_path/../Frameworks",
				);
				MACOSX_DEPLOYMENT_TARGET = 11.0;
				PRODUCT_BUNDLE_IDENTIFIER = SauceDesigns.SmartHomeApp;
				PRODUCT_NAME = SmartHomeApp;
				SDKROOT = macosx;
				SWIFT_VERSION = 5.0;
			};
			name = Release;
		};
		09D77966250940B90009B19F /* Debug */ = {
			isa = XCBuildConfiguration;
			buildSettings = {
				ALWAYS_EMBED_SWIFT_STANDARD_LIBRARIES = YES;
				CODE_SIGN_STYLE = Automatic;
				DEVELOPMENT_TEAM = 4F95F96C4N;
				INFOPLIST_FILE = "Tests iOS/Info.plist";
				IPHONEOS_DEPLOYMENT_TARGET = 14.0;
				LD_RUNPATH_SEARCH_PATHS = (
					"$(inherited)",
					"@executable_path/Frameworks",
					"@loader_path/Frameworks",
				);
				PRODUCT_BUNDLE_IDENTIFIER = "SauceDesigns.Tests-iOS";
				PRODUCT_NAME = "$(TARGET_NAME)";
				SDKROOT = iphoneos;
				SWIFT_VERSION = 5.0;
				TARGETED_DEVICE_FAMILY = "1,2";
				TEST_TARGET_NAME = "SmartHomeApp (iOS)";
			};
			name = Debug;
		};
		09D77967250940B90009B19F /* Release */ = {
			isa = XCBuildConfiguration;
			buildSettings = {
				ALWAYS_EMBED_SWIFT_STANDARD_LIBRARIES = YES;
				CODE_SIGN_STYLE = Automatic;
				DEVELOPMENT_TEAM = 4F95F96C4N;
				INFOPLIST_FILE = "Tests iOS/Info.plist";
				IPHONEOS_DEPLOYMENT_TARGET = 14.0;
				LD_RUNPATH_SEARCH_PATHS = (
					"$(inherited)",
					"@executable_path/Frameworks",
					"@loader_path/Frameworks",
				);
				PRODUCT_BUNDLE_IDENTIFIER = "SauceDesigns.Tests-iOS";
				PRODUCT_NAME = "$(TARGET_NAME)";
				SDKROOT = iphoneos;
				SWIFT_VERSION = 5.0;
				TARGETED_DEVICE_FAMILY = "1,2";
				TEST_TARGET_NAME = "SmartHomeApp (iOS)";
				VALIDATE_PRODUCT = YES;
			};
			name = Release;
		};
		09D77969250940B90009B19F /* Debug */ = {
			isa = XCBuildConfiguration;
			buildSettings = {
				ALWAYS_EMBED_SWIFT_STANDARD_LIBRARIES = YES;
				CODE_SIGN_STYLE = Automatic;
				COMBINE_HIDPI_IMAGES = YES;
				DEVELOPMENT_TEAM = 4F95F96C4N;
				INFOPLIST_FILE = "Tests macOS/Info.plist";
				LD_RUNPATH_SEARCH_PATHS = (
					"$(inherited)",
					"@executable_path/../Frameworks",
					"@loader_path/../Frameworks",
				);
				MACOSX_DEPLOYMENT_TARGET = 11.0;
				PRODUCT_BUNDLE_IDENTIFIER = "SauceDesigns.Tests-macOS";
				PRODUCT_NAME = "$(TARGET_NAME)";
				SDKROOT = macosx;
				SWIFT_VERSION = 5.0;
				TEST_TARGET_NAME = "SmartHomeApp (macOS)";
			};
			name = Debug;
		};
		09D7796A250940B90009B19F /* Release */ = {
			isa = XCBuildConfiguration;
			buildSettings = {
				ALWAYS_EMBED_SWIFT_STANDARD_LIBRARIES = YES;
				CODE_SIGN_STYLE = Automatic;
				COMBINE_HIDPI_IMAGES = YES;
				DEVELOPMENT_TEAM = 4F95F96C4N;
				INFOPLIST_FILE = "Tests macOS/Info.plist";
				LD_RUNPATH_SEARCH_PATHS = (
					"$(inherited)",
					"@executable_path/../Frameworks",
					"@loader_path/../Frameworks",
				);
				MACOSX_DEPLOYMENT_TARGET = 11.0;
				PRODUCT_BUNDLE_IDENTIFIER = "SauceDesigns.Tests-macOS";
				PRODUCT_NAME = "$(TARGET_NAME)";
				SDKROOT = macosx;
				SWIFT_VERSION = 5.0;
				TEST_TARGET_NAME = "SmartHomeApp (macOS)";
			};
			name = Release;
		};
/* End XCBuildConfiguration section */

/* Begin XCConfigurationList section */
		09D7792C250940B60009B19F /* Build configuration list for PBXProject "SmartHomeApp" */ = {
			isa = XCConfigurationList;
			buildConfigurations = (
				09D7795D250940B90009B19F /* Debug */,
				09D7795E250940B90009B19F /* Release */,
			);
			defaultConfigurationIsVisible = 0;
			defaultConfigurationName = Release;
		};
		09D7795F250940B90009B19F /* Build configuration list for PBXNativeTarget "SmartHomeApp (iOS)" */ = {
			isa = XCConfigurationList;
			buildConfigurations = (
				09D77960250940B90009B19F /* Debug */,
				09D77961250940B90009B19F /* Release */,
			);
			defaultConfigurationIsVisible = 0;
			defaultConfigurationName = Release;
		};
		09D77962250940B90009B19F /* Build configuration list for PBXNativeTarget "SmartHomeApp (macOS)" */ = {
			isa = XCConfigurationList;
			buildConfigurations = (
				09D77963250940B90009B19F /* Debug */,
				09D77964250940B90009B19F /* Release */,
			);
			defaultConfigurationIsVisible = 0;
			defaultConfigurationName = Release;
		};
		09D77965250940B90009B19F /* Build configuration list for PBXNativeTarget "Tests iOS" */ = {
			isa = XCConfigurationList;
			buildConfigurations = (
				09D77966250940B90009B19F /* Debug */,
				09D77967250940B90009B19F /* Release */,
			);
			defaultConfigurationIsVisible = 0;
			defaultConfigurationName = Release;
		};
		09D77968250940B90009B19F /* Build configuration list for PBXNativeTarget "Tests macOS" */ = {
			isa = XCConfigurationList;
			buildConfigurations = (
				09D77969250940B90009B19F /* Debug */,
				09D7796A250940B90009B19F /* Release */,
			);
			defaultConfigurationIsVisible = 0;
			defaultConfigurationName = Release;
		};
/* End XCConfigurationList section */
	};
	rootObject = 09D77929250940B60009B19F /* Project object */;
}
